
Microsoft Visual Studio Solution File, Format Version 12.00
# Visual Studio Version 17
VisualStudioVersion = 17.1.32421.90
MinimumVisualStudioVersion = 10.0.40219.1
Project("{FAE04EC0-301F-11D3-BF4B-00C04F79EFBC}") = "ElasticWebApi", "ElasticWebApi\ElasticWebApi.csproj", "{59F05393-A64C-4658-9DED-FA34C14FCB6E}"
EndProject
Global
	GlobalSection(SolutionConfigurationPlatforms) = preSolution
		Debug|Any CPU = Debug|Any CPU
		Release|Any CPU = Release|Any CPU
	EndGlobalSection
	GlobalSection(ProjectConfigurationPlatforms) = postSolution
		{59F05393-A64C-4658-9DED-FA34C14FCB6E}.Debug|Any CPU.ActiveCfg = Debug|Any CPU
		{59F05393-A64C-4658-9DED-FA34C14FCB6E}.Debug|Any CPU.Build.0 = Debug|Any CPU
		{59F05393-A64C-4658-9DED-FA34C14FCB6E}.Release|Any CPU.ActiveCfg = Release|Any CPU
		{59F05393-A64C-4658-9DED-FA34C14FCB6E}.Release|Any CPU.Build.0 = Release|Any CPU
	EndGlobalSection
	GlobalSection(SolutionProperties) = preSolution
		HideSolutionNode = FALSE
	EndGlobalSection
	GlobalSection(ExtensibilityGlobals) = postSolution
		SolutionGuid = {C7C28641-C427-4794-8C91-570A8941724F}
	EndGlobalSection
EndGlobal
